
Microsoft Visual Studio Solution File, Format Version 12.00
# Visual Studio 15
VisualStudioVersion = 15.0.28307.168
MinimumVisualStudioVersion = 10.0.40219.1
Project("{FAE04EC0-301F-11D3-BF4B-00C04F79EFBC}") = "Echo", "Echo\Echo.csproj", "{C2DA0E01-6618-4C5B-82B8-C3B20B70F54C}"
EndProject
Global
	GlobalSection(SolutionConfigurationPlatforms) = preSolution
		Debug|Any CPU = Debug|Any CPU
		Release|Any CPU = Release|Any CPU
	EndGlobalSection
	GlobalSection(ProjectConfigurationPlatforms) = postSolution
		{C2DA0E01-6618-4C5B-82B8-C3B20B70F54C}.Debug|Any CPU.ActiveCfg = Debug|Any CPU
		{C2DA0E01-6618-4C5B-82B8-C3B20B70F54C}.Debug|Any CPU.Build.0 = Debug|Any CPU
		{C2DA0E01-6618-4C5B-82B8-C3B20B70F54C}.Release|Any CPU.ActiveCfg = Release|Any CPU
		{C2DA0E01-6618-4C5B-82B8-C3B20B70F54C}.Release|Any CPU.Build.0 = Release|Any CPU
	EndGlobalSection
	GlobalSection(SolutionProperties) = preSolution
		HideSolutionNode = FALSE
	EndGlobalSection
	GlobalSection(ExtensibilityGlobals) = postSolution
		SolutionGuid = {292D626C-410A-46AD-9500-A1F288AF31FC}
	EndGlobalSection
EndGlobal
